// !$*UTF8*$!
{
	archiveVersion = 1;
	classes = {
	};
	objectVersion = 56;
	objects = {

/* Begin PBXBuildFile section */
		651C96F22C1F270700A0D346 /* WbAppSUIApp.swift in Sources */ = {isa = PBXBuildFile; fileRef = 651C96F12C1F270700A0D346 /* WbAppSUIApp.swift */; };
		651C96F62C1F270900A0D346 /* Assets.xcassets in Resources */ = {isa = PBXBuildFile; fileRef = 651C96F52C1F270900A0D346 /* Assets.xcassets */; };
		651C96F92C1F270900A0D346 /* Preview Assets.xcassets in Resources */ = {isa = PBXBuildFile; fileRef = 651C96F82C1F270900A0D346 /* Preview Assets.xcassets */; };
		651C97042C1F289200A0D346 /* OnboardingView.swift in Sources */ = {isa = PBXBuildFile; fileRef = 651C97012C1F289200A0D346 /* OnboardingView.swift */; };
		651C97052C1F289200A0D346 /* TermsOfUseView.swift in Sources */ = {isa = PBXBuildFile; fileRef = 651C97022C1F289200A0D346 /* TermsOfUseView.swift */; };
		651C97082C1F28CF00A0D346 /* Localizable.strings in Resources */ = {isa = PBXBuildFile; fileRef = 651C97062C1F28CF00A0D346 /* Localizable.strings */; };
		651C97092C1F28CF00A0D346 /* ColorExtension.swift in Sources */ = {isa = PBXBuildFile; fileRef = 651C97072C1F28CF00A0D346 /* ColorExtension.swift */; };
		651C971A2C1F2D4300A0D346 /* ChatsListView.swift in Sources */ = {isa = PBXBuildFile; fileRef = 651C970A2C1F2D4300A0D346 /* ChatsListView.swift */; };
		651C971B2C1F2D4300A0D346 /* ArrayExtension.swift in Sources */ = {isa = PBXBuildFile; fileRef = 651C970C2C1F2D4300A0D346 /* ArrayExtension.swift */; };
		651C971C2C1F2D4300A0D346 /* MainTabView.swift in Sources */ = {isa = PBXBuildFile; fileRef = 651C970D2C1F2D4300A0D346 /* MainTabView.swift */; };
		651C971D2C1F2D4300A0D346 /* SettingsListView.swift in Sources */ = {isa = PBXBuildFile; fileRef = 651C970E2C1F2D4300A0D346 /* SettingsListView.swift */; };
		651C971E2C1F2D4300A0D346 /* Contact.swift in Sources */ = {isa = PBXBuildFile; fileRef = 651C97102C1F2D4300A0D346 /* Contact.swift */; };
		651C971F2C1F2D4300A0D346 /* ContactsListViewModel.swift in Sources */ = {isa = PBXBuildFile; fileRef = 651C97112C1F2D4300A0D346 /* ContactsListViewModel.swift */; };
		651C97202C1F2D4300A0D346 /* ContactRow.swift in Sources */ = {isa = PBXBuildFile; fileRef = 651C97132C1F2D4300A0D346 /* ContactRow.swift */; };
		651C97212C1F2D4300A0D346 /* ContactsListView.swift in Sources */ = {isa = PBXBuildFile; fileRef = 651C97142C1F2D4300A0D346 /* ContactsListView.swift */; };
		651C97222C1F2D4300A0D346 /* ContactUserImage.swift in Sources */ = {isa = PBXBuildFile; fileRef = 651C97152C1F2D4300A0D346 /* ContactUserImage.swift */; };
		651C97232C1F2D4300A0D346 /* ContactDetailView.swift in Sources */ = {isa = PBXBuildFile; fileRef = 651C97172C1F2D4300A0D346 /* ContactDetailView.swift */; };
		651C97242C1F2D4300A0D346 /* Contacts.json in Resources */ = {isa = PBXBuildFile; fileRef = 651C97192C1F2D4300A0D346 /* Contacts.json */; };
		651EA7482C32FEE3009F71BF /* WidgetKit.framework in Frameworks */ = {isa = PBXBuildFile; fileRef = 651EA7472C32FEE3009F71BF /* WidgetKit.framework */; };
		651EA74A2C32FEE3009F71BF /* SwiftUI.framework in Frameworks */ = {isa = PBXBuildFile; fileRef = 651EA7492C32FEE3009F71BF /* SwiftUI.framework */; };
		651EA74D2C32FEE3009F71BF /* WbAppWidgetBundle.swift in Sources */ = {isa = PBXBuildFile; fileRef = 651EA74C2C32FEE3009F71BF /* WbAppWidgetBundle.swift */; };
		651EA74F2C32FEE3009F71BF /* WbAppWidgetLiveActivity.swift in Sources */ = {isa = PBXBuildFile; fileRef = 651EA74E2C32FEE3009F71BF /* WbAppWidgetLiveActivity.swift */; };
		651EA7512C32FEE3009F71BF /* WbAppWidget.swift in Sources */ = {isa = PBXBuildFile; fileRef = 651EA7502C32FEE3009F71BF /* WbAppWidget.swift */; };
		651EA7532C32FEE3009F71BF /* AppIntent.swift in Sources */ = {isa = PBXBuildFile; fileRef = 651EA7522C32FEE3009F71BF /* AppIntent.swift */; };
		651EA7552C32FEE4009F71BF /* Assets.xcassets in Resources */ = {isa = PBXBuildFile; fileRef = 651EA7542C32FEE4009F71BF /* Assets.xcassets */; };
		651EA7592C32FEE4009F71BF /* WbAppWidgetExtension.appex in Embed Foundation Extensions */ = {isa = PBXBuildFile; fileRef = 651EA7452C32FEE3009F71BF /* WbAppWidgetExtension.appex */; settings = {ATTRIBUTES = (RemoveHeadersOnCopy, ); }; };
		651EA75F2C32FF17009F71BF /* SiriWbAppIntent.intentdefinition in Sources */ = {isa = PBXBuildFile; fileRef = 651EA75E2C32FF17009F71BF /* SiriWbAppIntent.intentdefinition */; };
		651EA7632C32FF72009F71BF /* ProfileIntent.swift in Sources */ = {isa = PBXBuildFile; fileRef = 651EA7622C32FF72009F71BF /* ProfileIntent.swift */; };
		651EA7652C330381009F71BF /* WbAppWidgetEntryView.swift in Sources */ = {isa = PBXBuildFile; fileRef = 651EA7642C330381009F71BF /* WbAppWidgetEntryView.swift */; };
		651EA7692C3304FA009F71BF /* ProfileIntent.swift in Sources */ = {isa = PBXBuildFile; fileRef = 651EA7682C3304FA009F71BF /* ProfileIntent.swift */; };
		651EA76A2C330DE2009F71BF /* Assets.xcassets in Resources */ = {isa = PBXBuildFile; fileRef = 651C96F52C1F270900A0D346 /* Assets.xcassets */; };
/* End PBXBuildFile section */

/* Begin PBXContainerItemProxy section */
		651EA7572C32FEE4009F71BF /* PBXContainerItemProxy */ = {
			isa = PBXContainerItemProxy;
			containerPortal = 651C96E62C1F270700A0D346 /* Project object */;
			proxyType = 1;
			remoteGlobalIDString = 651EA7442C32FEE3009F71BF;
			remoteInfo = WbAppWidgetExtension;
		};
/* End PBXContainerItemProxy section */

/* Begin PBXCopyFilesBuildPhase section */
		651EA75A2C32FEE4009F71BF /* Embed Foundation Extensions */ = {
			isa = PBXCopyFilesBuildPhase;
			buildActionMask = 2147483647;
			dstPath = "";
			dstSubfolderSpec = 13;
			files = (
				651EA7592C32FEE4009F71BF /* WbAppWidgetExtension.appex in Embed Foundation Extensions */,
			);
			name = "Embed Foundation Extensions";
			runOnlyForDeploymentPostprocessing = 0;
		};
/* End PBXCopyFilesBuildPhase section */

/* Begin PBXFileReference section */
		651C96EE2C1F270700A0D346 /* WbAppSUI.app */ = {isa = PBXFileReference; explicitFileType = wrapper.application; includeInIndex = 0; path = WbAppSUI.app; sourceTree = BUILT_PRODUCTS_DIR; };
		651C96F12C1F270700A0D346 /* WbAppSUIApp.swift */ = {isa = PBXFileReference; lastKnownFileType = sourcecode.swift; path = WbAppSUIApp.swift; sourceTree = "<group>"; };
		651C96F52C1F270900A0D346 /* Assets.xcassets */ = {isa = PBXFileReference; lastKnownFileType = folder.assetcatalog; path = Assets.xcassets; sourceTree = "<group>"; };
		651C96F82C1F270900A0D346 /* Preview Assets.xcassets */ = {isa = PBXFileReference; lastKnownFileType = folder.assetcatalog; path = "Preview Assets.xcassets"; sourceTree = "<group>"; };
		651C97012C1F289200A0D346 /* OnboardingView.swift */ = {isa = PBXFileReference; fileEncoding = 4; lastKnownFileType = sourcecode.swift; path = OnboardingView.swift; sourceTree = "<group>"; };
		651C97022C1F289200A0D346 /* TermsOfUseView.swift */ = {isa = PBXFileReference; fileEncoding = 4; lastKnownFileType = sourcecode.swift; path = TermsOfUseView.swift; sourceTree = "<group>"; };
		651C97062C1F28CF00A0D346 /* Localizable.strings */ = {isa = PBXFileReference; fileEncoding = 4; lastKnownFileType = text.plist.strings; path = Localizable.strings; sourceTree = "<group>"; };
		651C97072C1F28CF00A0D346 /* ColorExtension.swift */ = {isa = PBXFileReference; fileEncoding = 4; lastKnownFileType = sourcecode.swift; path = ColorExtension.swift; sourceTree = "<group>"; };
		651C970A2C1F2D4300A0D346 /* ChatsListView.swift */ = {isa = PBXFileReference; fileEncoding = 4; lastKnownFileType = sourcecode.swift; path = ChatsListView.swift; sourceTree = "<group>"; };
		651C970C2C1F2D4300A0D346 /* ArrayExtension.swift */ = {isa = PBXFileReference; fileEncoding = 4; lastKnownFileType = sourcecode.swift; path = ArrayExtension.swift; sourceTree = "<group>"; };
		651C970D2C1F2D4300A0D346 /* MainTabView.swift */ = {isa = PBXFileReference; fileEncoding = 4; lastKnownFileType = sourcecode.swift; path = MainTabView.swift; sourceTree = "<group>"; };
		651C970E2C1F2D4300A0D346 /* SettingsListView.swift */ = {isa = PBXFileReference; fileEncoding = 4; lastKnownFileType = sourcecode.swift; path = SettingsListView.swift; sourceTree = "<group>"; };
		651C97102C1F2D4300A0D346 /* Contact.swift */ = {isa = PBXFileReference; fileEncoding = 4; lastKnownFileType = sourcecode.swift; path = Contact.swift; sourceTree = "<group>"; };
		651C97112C1F2D4300A0D346 /* ContactsListViewModel.swift */ = {isa = PBXFileReference; fileEncoding = 4; lastKnownFileType = sourcecode.swift; path = ContactsListViewModel.swift; sourceTree = "<group>"; };
		651C97132C1F2D4300A0D346 /* ContactRow.swift */ = {isa = PBXFileReference; fileEncoding = 4; lastKnownFileType = sourcecode.swift; path = ContactRow.swift; sourceTree = "<group>"; };
		651C97142C1F2D4300A0D346 /* ContactsListView.swift */ = {isa = PBXFileReference; fileEncoding = 4; lastKnownFileType = sourcecode.swift; path = ContactsListView.swift; sourceTree = "<group>"; };
		651C97152C1F2D4300A0D346 /* ContactUserImage.swift */ = {isa = PBXFileReference; fileEncoding = 4; lastKnownFileType = sourcecode.swift; path = ContactUserImage.swift; sourceTree = "<group>"; };
		651C97172C1F2D4300A0D346 /* ContactDetailView.swift */ = {isa = PBXFileReference; fileEncoding = 4; lastKnownFileType = sourcecode.swift; path = ContactDetailView.swift; sourceTree = "<group>"; };
		651C97192C1F2D4300A0D346 /* Contacts.json */ = {isa = PBXFileReference; fileEncoding = 4; lastKnownFileType = text.json; path = Contacts.json; sourceTree = "<group>"; };
		651EA7452C32FEE3009F71BF /* WbAppWidgetExtension.appex */ = {isa = PBXFileReference; explicitFileType = "wrapper.app-extension"; includeInIndex = 0; path = WbAppWidgetExtension.appex; sourceTree = BUILT_PRODUCTS_DIR; };
		651EA7472C32FEE3009F71BF /* WidgetKit.framework */ = {isa = PBXFileReference; lastKnownFileType = wrapper.framework; name = WidgetKit.framework; path = System/Library/Frameworks/WidgetKit.framework; sourceTree = SDKROOT; };
		651EA7492C32FEE3009F71BF /* SwiftUI.framework */ = {isa = PBXFileReference; lastKnownFileType = wrapper.framework; name = SwiftUI.framework; path = System/Library/Frameworks/SwiftUI.framework; sourceTree = SDKROOT; };
		651EA74C2C32FEE3009F71BF /* WbAppWidgetBundle.swift */ = {isa = PBXFileReference; lastKnownFileType = sourcecode.swift; path = WbAppWidgetBundle.swift; sourceTree = "<group>"; };
		651EA74E2C32FEE3009F71BF /* WbAppWidgetLiveActivity.swift */ = {isa = PBXFileReference; lastKnownFileType = sourcecode.swift; path = WbAppWidgetLiveActivity.swift; sourceTree = "<group>"; };
		651EA7502C32FEE3009F71BF /* WbAppWidget.swift */ = {isa = PBXFileReference; lastKnownFileType = sourcecode.swift; path = WbAppWidget.swift; sourceTree = "<group>"; };
		651EA7522C32FEE3009F71BF /* AppIntent.swift */ = {isa = PBXFileReference; lastKnownFileType = sourcecode.swift; path = AppIntent.swift; sourceTree = "<group>"; };
		651EA7542C32FEE4009F71BF /* Assets.xcassets */ = {isa = PBXFileReference; lastKnownFileType = folder.assetcatalog; path = Assets.xcassets; sourceTree = "<group>"; };
		651EA7562C32FEE4009F71BF /* Info.plist */ = {isa = PBXFileReference; lastKnownFileType = text.plist.xml; path = Info.plist; sourceTree = "<group>"; };
		651EA75E2C32FF17009F71BF /* SiriWbAppIntent.intentdefinition */ = {isa = PBXFileReference; lastKnownFileType = file.intentdefinition; path = SiriWbAppIntent.intentdefinition; sourceTree = "<group>"; };
		651EA7622C32FF72009F71BF /* ProfileIntent.swift */ = {isa = PBXFileReference; lastKnownFileType = sourcecode.swift; path = ProfileIntent.swift; sourceTree = "<group>"; };
		651EA7642C330381009F71BF /* WbAppWidgetEntryView.swift */ = {isa = PBXFileReference; lastKnownFileType = sourcecode.swift; path = WbAppWidgetEntryView.swift; sourceTree = "<group>"; };
		651EA7682C3304FA009F71BF /* ProfileIntent.swift */ = {isa = PBXFileReference; fileEncoding = 4; lastKnownFileType = sourcecode.swift; name = ProfileIntent.swift; path = WbAppSUI/Intents/ProfileIntent.swift; sourceTree = SOURCE_ROOT; };
/* End PBXFileReference section */

/* Begin PBXFrameworksBuildPhase section */
		651C96EB2C1F270700A0D346 /* Frameworks */ = {
			isa = PBXFrameworksBuildPhase;
			buildActionMask = 2147483647;
			files = (
			);
			runOnlyForDeploymentPostprocessing = 0;
		};
		651EA7422C32FEE3009F71BF /* Frameworks */ = {
			isa = PBXFrameworksBuildPhase;
			buildActionMask = 2147483647;
			files = (
				651EA74A2C32FEE3009F71BF /* SwiftUI.framework in Frameworks */,
				651EA7482C32FEE3009F71BF /* WidgetKit.framework in Frameworks */,
			);
			runOnlyForDeploymentPostprocessing = 0;
		};
/* End PBXFrameworksBuildPhase section */

/* Begin PBXGroup section */
		651C96E52C1F270700A0D346 = {
			isa = PBXGroup;
			children = (
				651C96F02C1F270700A0D346 /* WbAppSUI */,
				651EA74B2C32FEE3009F71BF /* WbAppWidget */,
				651EA7462C32FEE3009F71BF /* Frameworks */,
				651C96EF2C1F270700A0D346 /* Products */,
			);
			sourceTree = "<group>";
		};
		651C96EF2C1F270700A0D346 /* Products */ = {
			isa = PBXGroup;
			children = (
				651C96EE2C1F270700A0D346 /* WbAppSUI.app */,
				651EA7452C32FEE3009F71BF /* WbAppWidgetExtension.appex */,
			);
			name = Products;
			sourceTree = "<group>";
		};
		651C96F02C1F270700A0D346 /* WbAppSUI */ = {
			isa = PBXGroup;
			children = (
				651EA7602C32FF27009F71BF /* Intents */,
				651C97182C1F2D4300A0D346 /* Contacts */,
				651C970B2C1F2D4300A0D346 /* Chats */,
				651C970F2C1F2D4300A0D346 /* Settings */,
				651C97032C1F289200A0D346 /* OnboedingViews */,
				651C97272C208CB400A0D346 /* Helpers */,
				651C970D2C1F2D4300A0D346 /* MainTabView.swift */,
				651C96F12C1F270700A0D346 /* WbAppSUIApp.swift */,
				651EA7612C32FF3C009F71BF /* Resources */,
				651C96F72C1F270900A0D346 /* Preview Content */,
			);
			path = WbAppSUI;
			sourceTree = "<group>";
		};
		651C96F72C1F270900A0D346 /* Preview Content */ = {
			isa = PBXGroup;
			children = (
				651C96F82C1F270900A0D346 /* Preview Assets.xcassets */,
			);
			path = "Preview Content";
			sourceTree = "<group>";
		};
		651C97032C1F289200A0D346 /* OnboedingViews */ = {
			isa = PBXGroup;
			children = (
				651C97012C1F289200A0D346 /* OnboardingView.swift */,
				651C97022C1F289200A0D346 /* TermsOfUseView.swift */,
			);
			path = OnboedingViews;
			sourceTree = "<group>";
		};
		651C970B2C1F2D4300A0D346 /* Chats */ = {
			isa = PBXGroup;
			children = (
				651C970A2C1F2D4300A0D346 /* ChatsListView.swift */,
			);
			path = Chats;
			sourceTree = "<group>";
		};
		651C970F2C1F2D4300A0D346 /* Settings */ = {
			isa = PBXGroup;
			children = (
				651C970E2C1F2D4300A0D346 /* SettingsListView.swift */,
			);
			path = Settings;
			sourceTree = "<group>";
		};
		651C97122C1F2D4300A0D346 /* Model */ = {
			isa = PBXGroup;
			children = (
				651C97102C1F2D4300A0D346 /* Contact.swift */,
				651C97112C1F2D4300A0D346 /* ContactsListViewModel.swift */,
			);
			path = Model;
			sourceTree = "<group>";
		};
		651C97162C1F2D4300A0D346 /* Views */ = {
			isa = PBXGroup;
			children = (
				651C97132C1F2D4300A0D346 /* ContactRow.swift */,
				651C97142C1F2D4300A0D346 /* ContactsListView.swift */,
				651C97152C1F2D4300A0D346 /* ContactUserImage.swift */,
				651C97172C1F2D4300A0D346 /* ContactDetailView.swift */,
			);
			path = Views;
			sourceTree = "<group>";
		};
		651C97182C1F2D4300A0D346 /* Contacts */ = {
			isa = PBXGroup;
			children = (
				651C97122C1F2D4300A0D346 /* Model */,
				651C97162C1F2D4300A0D346 /* Views */,
			);
			path = Contacts;
			sourceTree = "<group>";
		};
		651C97272C208CB400A0D346 /* Helpers */ = {
			isa = PBXGroup;
			children = (
				651C970C2C1F2D4300A0D346 /* ArrayExtension.swift */,
				651C97072C1F28CF00A0D346 /* ColorExtension.swift */,
			);
			path = Helpers;
			sourceTree = "<group>";
		};
		651EA7462C32FEE3009F71BF /* Frameworks */ = {
			isa = PBXGroup;
			children = (
				651EA7472C32FEE3009F71BF /* WidgetKit.framework */,
				651EA7492C32FEE3009F71BF /* SwiftUI.framework */,
			);
			name = Frameworks;
			sourceTree = "<group>";
		};
		651EA74B2C32FEE3009F71BF /* WbAppWidget */ = {
			isa = PBXGroup;
			children = (
				651EA74C2C32FEE3009F71BF /* WbAppWidgetBundle.swift */,
				651EA74E2C32FEE3009F71BF /* WbAppWidgetLiveActivity.swift */,
				651EA7502C32FEE3009F71BF /* WbAppWidget.swift */,
				651EA7522C32FEE3009F71BF /* AppIntent.swift */,
				651EA7642C330381009F71BF /* WbAppWidgetEntryView.swift */,
				651EA7682C3304FA009F71BF /* ProfileIntent.swift */,
				651EA7542C32FEE4009F71BF /* Assets.xcassets */,
				651EA7562C32FEE4009F71BF /* Info.plist */,
			);
			path = WbAppWidget;
			sourceTree = "<group>";
		};
		651EA7602C32FF27009F71BF /* Intents */ = {
			isa = PBXGroup;
			children = (
				651EA7622C32FF72009F71BF /* ProfileIntent.swift */,
				651EA75E2C32FF17009F71BF /* SiriWbAppIntent.intentdefinition */,
			);
			path = Intents;
			sourceTree = "<group>";
		};
		651EA7612C32FF3C009F71BF /* Resources */ = {
			isa = PBXGroup;
			children = (
				651C97062C1F28CF00A0D346 /* Localizable.strings */,
				651C97192C1F2D4300A0D346 /* Contacts.json */,
				651C96F52C1F270900A0D346 /* Assets.xcassets */,
			);
			path = Resources;
			sourceTree = "<group>";
		};
/* End PBXGroup section */

/* Begin PBXNativeTarget section */
		651C96ED2C1F270700A0D346 /* WbAppSUI */ = {
			isa = PBXNativeTarget;
			buildConfigurationList = 651C96FC2C1F270900A0D346 /* Build configuration list for PBXNativeTarget "WbAppSUI" */;
			buildPhases = (
				651C96EA2C1F270700A0D346 /* Sources */,
				651C96EB2C1F270700A0D346 /* Frameworks */,
				651C96EC2C1F270700A0D346 /* Resources */,
				651EA75A2C32FEE4009F71BF /* Embed Foundation Extensions */,
			);
			buildRules = (
			);
			dependencies = (
				651EA7582C32FEE4009F71BF /* PBXTargetDependency */,
			);
			name = WbAppSUI;
			productName = WbAppSUI;
			productReference = 651C96EE2C1F270700A0D346 /* WbAppSUI.app */;
			productType = "com.apple.product-type.application";
		};
		651EA7442C32FEE3009F71BF /* WbAppWidgetExtension */ = {
			isa = PBXNativeTarget;
			buildConfigurationList = 651EA75D2C32FEE4009F71BF /* Build configuration list for PBXNativeTarget "WbAppWidgetExtension" */;
			buildPhases = (
				651EA7412C32FEE3009F71BF /* Sources */,
				651EA7422C32FEE3009F71BF /* Frameworks */,
				651EA7432C32FEE3009F71BF /* Resources */,
			);
			buildRules = (
			);
			dependencies = (
			);
			name = WbAppWidgetExtension;
			productName = WbAppWidgetExtension;
			productReference = 651EA7452C32FEE3009F71BF /* WbAppWidgetExtension.appex */;
			productType = "com.apple.product-type.app-extension";
		};
/* End PBXNativeTarget section */

/* Begin PBXProject section */
		651C96E62C1F270700A0D346 /* Project object */ = {
			isa = PBXProject;
			attributes = {
				BuildIndependentTargetsInParallel = 1;
				LastSwiftUpdateCheck = 1540;
				LastUpgradeCheck = 1540;
				TargetAttributes = {
					651C96ED2C1F270700A0D346 = {
						CreatedOnToolsVersion = 15.4;
					};
					651EA7442C32FEE3009F71BF = {
						CreatedOnToolsVersion = 15.4;
					};
				};
			};
			buildConfigurationList = 651C96E92C1F270700A0D346 /* Build configuration list for PBXProject "WbAppSUI" */;
			compatibilityVersion = "Xcode 14.0";
			developmentRegion = en;
			hasScannedForEncodings = 0;
			knownRegions = (
				en,
				Base,
			);
			mainGroup = 651C96E52C1F270700A0D346;
			productRefGroup = 651C96EF2C1F270700A0D346 /* Products */;
			projectDirPath = "";
			projectRoot = "";
			targets = (
				651C96ED2C1F270700A0D346 /* WbAppSUI */,
				651EA7442C32FEE3009F71BF /* WbAppWidgetExtension */,
			);
		};
/* End PBXProject section */

/* Begin PBXResourcesBuildPhase section */
		651C96EC2C1F270700A0D346 /* Resources */ = {
			isa = PBXResourcesBuildPhase;
			buildActionMask = 2147483647;
			files = (
				651C97242C1F2D4300A0D346 /* Contacts.json in Resources */,
				651C96F92C1F270900A0D346 /* Preview Assets.xcassets in Resources */,
				651C97082C1F28CF00A0D346 /* Localizable.strings in Resources */,
				651C96F62C1F270900A0D346 /* Assets.xcassets in Resources */,
			);
			runOnlyForDeploymentPostprocessing = 0;
		};
		651EA7432C32FEE3009F71BF /* Resources */ = {
			isa = PBXResourcesBuildPhase;
			buildActionMask = 2147483647;
			files = (
				651EA76A2C330DE2009F71BF /* Assets.xcassets in Resources */,
				651EA7552C32FEE4009F71BF /* Assets.xcassets in Resources */,
			);
			runOnlyForDeploymentPostprocessing = 0;
		};
/* End PBXResourcesBuildPhase section */

/* Begin PBXSourcesBuildPhase section */
		651C96EA2C1F270700A0D346 /* Sources */ = {
			isa = PBXSourcesBuildPhase;
			buildActionMask = 2147483647;
			files = (
				651C97212C1F2D4300A0D346 /* ContactsListView.swift in Sources */,
				651C97042C1F289200A0D346 /* OnboardingView.swift in Sources */,
				651EA7632C32FF72009F71BF /* ProfileIntent.swift in Sources */,
				651C971E2C1F2D4300A0D346 /* Contact.swift in Sources */,
				651C96F22C1F270700A0D346 /* WbAppSUIApp.swift in Sources */,
				651C971C2C1F2D4300A0D346 /* MainTabView.swift in Sources */,
				651C971D2C1F2D4300A0D346 /* SettingsListView.swift in Sources */,
				651C971F2C1F2D4300A0D346 /* ContactsListViewModel.swift in Sources */,
				651C97052C1F289200A0D346 /* TermsOfUseView.swift in Sources */,
				651C97222C1F2D4300A0D346 /* ContactUserImage.swift in Sources */,
				651C971B2C1F2D4300A0D346 /* ArrayExtension.swift in Sources */,
				651EA75F2C32FF17009F71BF /* SiriWbAppIntent.intentdefinition in Sources */,
				651C971A2C1F2D4300A0D346 /* ChatsListView.swift in Sources */,
				651C97092C1F28CF00A0D346 /* ColorExtension.swift in Sources */,
				651C97202C1F2D4300A0D346 /* ContactRow.swift in Sources */,
				651C97232C1F2D4300A0D346 /* ContactDetailView.swift in Sources */,
			);
			runOnlyForDeploymentPostprocessing = 0;
		};
		651EA7412C32FEE3009F71BF /* Sources */ = {
			isa = PBXSourcesBuildPhase;
			buildActionMask = 2147483647;
			files = (
				651EA74D2C32FEE3009F71BF /* WbAppWidgetBundle.swift in Sources */,
				651EA7532C32FEE3009F71BF /* AppIntent.swift in Sources */,
				651EA7652C330381009F71BF /* WbAppWidgetEntryView.swift in Sources */,
				651EA7512C32FEE3009F71BF /* WbAppWidget.swift in Sources */,
				651EA74F2C32FEE3009F71BF /* WbAppWidgetLiveActivity.swift in Sources */,
				651EA7692C3304FA009F71BF /* ProfileIntent.swift in Sources */,
			);
			runOnlyForDeploymentPostprocessing = 0;
		};
/* End PBXSourcesBuildPhase section */

/* Begin PBXTargetDependency section */
		651EA7582C32FEE4009F71BF /* PBXTargetDependency */ = {
			isa = PBXTargetDependency;
			target = 651EA7442C32FEE3009F71BF /* WbAppWidgetExtension */;
			targetProxy = 651EA7572C32FEE4009F71BF /* PBXContainerItemProxy */;
		};
/* End PBXTargetDependency section */

/* Begin XCBuildConfiguration section */
		651C96FA2C1F270900A0D346 /* Debug */ = {
			isa = XCBuildConfiguration;
			buildSettings = {
				ALWAYS_SEARCH_USER_PATHS = NO;
				ASSETCATALOG_COMPILER_GENERATE_SWIFT_ASSET_SYMBOL_EXTENSIONS = YES;
				CLANG_ANALYZER_NONNULL = YES;
				CLANG_ANALYZER_NUMBER_OBJECT_CONVERSION = YES_AGGRESSIVE;
				CLANG_CXX_LANGUAGE_STANDARD = "gnu++20";
				CLANG_ENABLE_MODULES = YES;
				CLANG_ENABLE_OBJC_ARC = YES;
				CLANG_ENABLE_OBJC_WEAK = YES;
				CLANG_WARN_BLOCK_CAPTURE_AUTORELEASING = YES;
				CLANG_WARN_BOOL_CONVERSION = YES;
				CLANG_WARN_COMMA = YES;
				CLANG_WARN_CONSTANT_CONVERSION = YES;
				CLANG_WARN_DEPRECATED_OBJC_IMPLEMENTATIONS = YES;
				CLANG_WARN_DIRECT_OBJC_ISA_USAGE = YES_ERROR;
				CLANG_WARN_DOCUMENTATION_COMMENTS = YES;
				CLANG_WARN_EMPTY_BODY = YES;
				CLANG_WARN_ENUM_CONVERSION = YES;
				CLANG_WARN_INFINITE_RECURSION = YES;
				CLANG_WARN_INT_CONVERSION = YES;
				CLANG_WARN_NON_LITERAL_NULL_CONVERSION = YES;
				CLANG_WARN_OBJC_IMPLICIT_RETAIN_SELF = YES;
				CLANG_WARN_OBJC_LITERAL_CONVERSION = YES;
				CLANG_WARN_OBJC_ROOT_CLASS = YES_ERROR;
				CLANG_WARN_QUOTED_INCLUDE_IN_FRAMEWORK_HEADER = YES;
				CLANG_WARN_RANGE_LOOP_ANALYSIS = YES;
				CLANG_WARN_STRICT_PROTOTYPES = YES;
				CLANG_WARN_SUSPICIOUS_MOVE = YES;
				CLANG_WARN_UNGUARDED_AVAILABILITY = YES_AGGRESSIVE;
				CLANG_WARN_UNREACHABLE_CODE = YES;
				CLANG_WARN__DUPLICATE_METHOD_MATCH = YES;
				COPY_PHASE_STRIP = NO;
				DEBUG_INFORMATION_FORMAT = dwarf;
				ENABLE_STRICT_OBJC_MSGSEND = YES;
				ENABLE_TESTABILITY = YES;
				ENABLE_USER_SCRIPT_SANDBOXING = YES;
				GCC_C_LANGUAGE_STANDARD = gnu17;
				GCC_DYNAMIC_NO_PIC = NO;
				GCC_NO_COMMON_BLOCKS = YES;
				GCC_OPTIMIZATION_LEVEL = 0;
				GCC_PREPROCESSOR_DEFINITIONS = (
					"DEBUG=1",
					"$(inherited)",
				);
				GCC_WARN_64_TO_32_BIT_CONVERSION = YES;
				GCC_WARN_ABOUT_RETURN_TYPE = YES_ERROR;
				GCC_WARN_UNDECLARED_SELECTOR = YES;
				GCC_WARN_UNINITIALIZED_AUTOS = YES_AGGRESSIVE;
				GCC_WARN_UNUSED_FUNCTION = YES;
				GCC_WARN_UNUSED_VARIABLE = YES;
				IPHONEOS_DEPLOYMENT_TARGET = 17.0;
				LOCALIZATION_PREFERS_STRING_CATALOGS = YES;
				MTL_ENABLE_DEBUG_INFO = INCLUDE_SOURCE;
				MTL_FAST_MATH = YES;
				ONLY_ACTIVE_ARCH = YES;
				SDKROOT = iphoneos;
				SWIFT_ACTIVE_COMPILATION_CONDITIONS = "DEBUG $(inherited)";
				SWIFT_OPTIMIZATION_LEVEL = "-Onone";
			};
			name = Debug;
		};
		651C96FB2C1F270900A0D346 /* Release */ = {
			isa = XCBuildConfiguration;
			buildSettings = {
				ALWAYS_SEARCH_USER_PATHS = NO;
				ASSETCATALOG_COMPILER_GENERATE_SWIFT_ASSET_SYMBOL_EXTENSIONS = YES;
				CLANG_ANALYZER_NONNULL = YES;
				CLANG_ANALYZER_NUMBER_OBJECT_CONVERSION = YES_AGGRESSIVE;
				CLANG_CXX_LANGUAGE_STANDARD = "gnu++20";
				CLANG_ENABLE_MODULES = YES;
				CLANG_ENABLE_OBJC_ARC = YES;
				CLANG_ENABLE_OBJC_WEAK = YES;
				CLANG_WARN_BLOCK_CAPTURE_AUTORELEASING = YES;
				CLANG_WARN_BOOL_CONVERSION = YES;
				CLANG_WARN_COMMA = YES;
				CLANG_WARN_CONSTANT_CONVERSION = YES;
				CLANG_WARN_DEPRECATED_OBJC_IMPLEMENTATIONS = YES;
				CLANG_WARN_DIRECT_OBJC_ISA_USAGE = YES_ERROR;
				CLANG_WARN_DOCUMENTATION_COMMENTS = YES;
				CLANG_WARN_EMPTY_BODY = YES;
				CLANG_WARN_ENUM_CONVERSION = YES;
				CLANG_WARN_INFINITE_RECURSION = YES;
				CLANG_WARN_INT_CONVERSION = YES;
				CLANG_WARN_NON_LITERAL_NULL_CONVERSION = YES;
				CLANG_WARN_OBJC_IMPLICIT_RETAIN_SELF = YES;
				CLANG_WARN_OBJC_LITERAL_CONVERSION = YES;
				CLANG_WARN_OBJC_ROOT_CLASS = YES_ERROR;
				CLANG_WARN_QUOTED_INCLUDE_IN_FRAMEWORK_HEADER = YES;
				CLANG_WARN_RANGE_LOOP_ANALYSIS = YES;
				CLANG_WARN_STRICT_PROTOTYPES = YES;
				CLANG_WARN_SUSPICIOUS_MOVE = YES;
				CLANG_WARN_UNGUARDED_AVAILABILITY = YES_AGGRESSIVE;
				CLANG_WARN_UNREACHABLE_CODE = YES;
				CLANG_WARN__DUPLICATE_METHOD_MATCH = YES;
				COPY_PHASE_STRIP = NO;
				DEBUG_INFORMATION_FORMAT = "dwarf-with-dsym";
				ENABLE_NS_ASSERTIONS = NO;
				ENABLE_STRICT_OBJC_MSGSEND = YES;
				ENABLE_USER_SCRIPT_SANDBOXING = YES;
				GCC_C_LANGUAGE_STANDARD = gnu17;
				GCC_NO_COMMON_BLOCKS = YES;
				GCC_WARN_64_TO_32_BIT_CONVERSION = YES;
				GCC_WARN_ABOUT_RETURN_TYPE = YES_ERROR;
				GCC_WARN_UNDECLARED_SELECTOR = YES;
				GCC_WARN_UNINITIALIZED_AUTOS = YES_AGGRESSIVE;
				GCC_WARN_UNUSED_FUNCTION = YES;
				GCC_WARN_UNUSED_VARIABLE = YES;
				IPHONEOS_DEPLOYMENT_TARGET = 17.0;
				LOCALIZATION_PREFERS_STRING_CATALOGS = YES;
				MTL_ENABLE_DEBUG_INFO = NO;
				MTL_FAST_MATH = YES;
				SDKROOT = iphoneos;
				SWIFT_COMPILATION_MODE = wholemodule;
				VALIDATE_PRODUCT = YES;
			};
			name = Release;
		};
		651C96FD2C1F270900A0D346 /* Debug */ = {
			isa = XCBuildConfiguration;
			buildSettings = {
				ALWAYS_EMBED_SWIFT_STANDARD_LIBRARIES = YES;
				ASSETCATALOG_COMPILER_APPICON_NAME = AppIcon;
				ASSETCATALOG_COMPILER_GLOBAL_ACCENT_COLOR_NAME = AccentColor;
				CODE_SIGN_STYLE = Automatic;
				CURRENT_PROJECT_VERSION = 1;
				DEVELOPMENT_ASSET_PATHS = "\"WbAppSUI/Preview Content\"";
				ENABLE_PREVIEWS = YES;
				GENERATE_INFOPLIST_FILE = YES;
				INFOPLIST_KEY_UIApplicationSceneManifest_Generation = YES;
				INFOPLIST_KEY_UIApplicationSupportsIndirectInputEvents = YES;
				INFOPLIST_KEY_UILaunchScreen_Generation = YES;
				INFOPLIST_KEY_UISupportedInterfaceOrientations_iPad = "UIInterfaceOrientationPortrait UIInterfaceOrientationPortraitUpsideDown UIInterfaceOrientationLandscapeLeft UIInterfaceOrientationLandscapeRight";
				INFOPLIST_KEY_UISupportedInterfaceOrientations_iPhone = "UIInterfaceOrientationPortrait UIInterfaceOrientationLandscapeLeft UIInterfaceOrientationLandscapeRight";
				IPHONEOS_DEPLOYMENT_TARGET = 17.0;
				LD_RUNPATH_SEARCH_PATHS = (
					"$(inherited)",
					"@executable_path/Frameworks",
				);
				MARKETING_VERSION = 1.0;
				PRODUCT_BUNDLE_IDENTIFIER = App.WbAppSUI;
				PRODUCT_NAME = "$(TARGET_NAME)";
				SWIFT_EMIT_LOC_STRINGS = YES;
				SWIFT_VERSION = 5.0;
				TARGETED_DEVICE_FAMILY = "1,2";
			};
			name = Debug;
		};
		651C96FE2C1F270900A0D346 /* Release */ = {
			isa = XCBuildConfiguration;
			buildSettings = {
				ALWAYS_EMBED_SWIFT_STANDARD_LIBRARIES = YES;
				ASSETCATALOG_COMPILER_APPICON_NAME = AppIcon;
				ASSETCATALOG_COMPILER_GLOBAL_ACCENT_COLOR_NAME = AccentColor;
				CODE_SIGN_STYLE = Automatic;
				CURRENT_PROJECT_VERSION = 1;
				DEVELOPMENT_ASSET_PATHS = "\"WbAppSUI/Preview Content\"";
				ENABLE_PREVIEWS = YES;
				GENERATE_INFOPLIST_FILE = YES;
				INFOPLIST_KEY_UIApplicationSceneManifest_Generation = YES;
				INFOPLIST_KEY_UIApplicationSupportsIndirectInputEvents = YES;
				INFOPLIST_KEY_UILaunchScreen_Generation = YES;
				INFOPLIST_KEY_UISupportedInterfaceOrientations_iPad = "UIInterfaceOrientationPortrait UIInterfaceOrientationPortraitUpsideDown UIInterfaceOrientationLandscapeLeft UIInterfaceOrientationLandscapeRight";
				INFOPLIST_KEY_UISupportedInterfaceOrientations_iPhone = "UIInterfaceOrientationPortrait UIInterfaceOrientationLandscapeLeft UIInterfaceOrientationLandscapeRight";
				IPHONEOS_DEPLOYMENT_TARGET = 17.0;
				LD_RUNPATH_SEARCH_PATHS = (
					"$(inherited)",
					"@executable_path/Frameworks",
				);
				MARKETING_VERSION = 1.0;
				PRODUCT_BUNDLE_IDENTIFIER = App.WbAppSUI;
				PRODUCT_NAME = "$(TARGET_NAME)";
				SWIFT_EMIT_LOC_STRINGS = YES;
				SWIFT_VERSION = 5.0;
				TARGETED_DEVICE_FAMILY = "1,2";
			};
			name = Release;
		};
		651EA75B2C32FEE4009F71BF /* Debug */ = {
			isa = XCBuildConfiguration;
			buildSettings = {
				ASSETCATALOG_COMPILER_GLOBAL_ACCENT_COLOR_NAME = AccentColor;
				ASSETCATALOG_COMPILER_WIDGET_BACKGROUND_COLOR_NAME = WidgetBackground;
				CODE_SIGN_STYLE = Automatic;
				CURRENT_PROJECT_VERSION = 1;
				GENERATE_INFOPLIST_FILE = YES;
				INFOPLIST_FILE = WbAppWidget/Info.plist;
				INFOPLIST_KEY_CFBundleDisplayName = WbAppWidget;
				INFOPLIST_KEY_NSHumanReadableCopyright = "";
				IPHONEOS_DEPLOYMENT_TARGET = 17.0;
				LD_RUNPATH_SEARCH_PATHS = (
					"$(inherited)",
					"@executable_path/Frameworks",
					"@executable_path/../../Frameworks",
				);
				MARKETING_VERSION = 1.0;
				PRODUCT_BUNDLE_IDENTIFIER = App.WbAppSUI.WbAppWidget;
				PRODUCT_NAME = "$(TARGET_NAME)";
				SKIP_INSTALL = YES;
				SWIFT_EMIT_LOC_STRINGS = YES;
				SWIFT_VERSION = 5.0;
				TARGETED_DEVICE_FAMILY = "1,2";
			};
			name = Debug;
		};
		651EA75C2C32FEE4009F71BF /* Release */ = {
			isa = XCBuildConfiguration;
			buildSettings = {
				ASSETCATALOG_COMPILER_GLOBAL_ACCENT_COLOR_NAME = AccentColor;
				ASSETCATALOG_COMPILER_WIDGET_BACKGROUND_COLOR_NAME = WidgetBackground;
				CODE_SIGN_STYLE = Automatic;
				CURRENT_PROJECT_VERSION = 1;
				GENERATE_INFOPLIST_FILE = YES;
				INFOPLIST_FILE = WbAppWidget/Info.plist;
				INFOPLIST_KEY_CFBundleDisplayName = WbAppWidget;
				INFOPLIST_KEY_NSHumanReadableCopyright = "";
				IPHONEOS_DEPLOYMENT_TARGET = 17.0;
				LD_RUNPATH_SEARCH_PATHS = (
					"$(inherited)",
					"@executable_path/Frameworks",
					"@executable_path/../../Frameworks",
				);
				MARKETING_VERSION = 1.0;
				PRODUCT_BUNDLE_IDENTIFIER = App.WbAppSUI.WbAppWidget;
				PRODUCT_NAME = "$(TARGET_NAME)";
				SKIP_INSTALL = YES;
				SWIFT_EMIT_LOC_STRINGS = YES;
				SWIFT_VERSION = 5.0;
				TARGETED_DEVICE_FAMILY = "1,2";
			};
			name = Release;
		};
/* End XCBuildConfiguration section */

/* Begin XCConfigurationList section */
		651C96E92C1F270700A0D346 /* Build configuration list for PBXProject "WbAppSUI" */ = {
			isa = XCConfigurationList;
			buildConfigurations = (
				651C96FA2C1F270900A0D346 /* Debug */,
				651C96FB2C1F270900A0D346 /* Release */,
			);
			defaultConfigurationIsVisible = 0;
			defaultConfigurationName = Release;
		};
		651C96FC2C1F270900A0D346 /* Build configuration list for PBXNativeTarget "WbAppSUI" */ = {
			isa = XCConfigurationList;
			buildConfigurations = (
				651C96FD2C1F270900A0D346 /* Debug */,
				651C96FE2C1F270900A0D346 /* Release */,
			);
			defaultConfigurationIsVisible = 0;
			defaultConfigurationName = Release;
		};
		651EA75D2C32FEE4009F71BF /* Build configuration list for PBXNativeTarget "WbAppWidgetExtension" */ = {
			isa = XCConfigurationList;
			buildConfigurations = (
				651EA75B2C32FEE4009F71BF /* Debug */,
				651EA75C2C32FEE4009F71BF /* Release */,
			);
			defaultConfigurationIsVisible = 0;
			defaultConfigurationName = Release;
		};
/* End XCConfigurationList section */
	};
	rootObject = 651C96E62C1F270700A0D346 /* Project object */;
}
